
Microsoft Visual Studio Solution File, Format Version 12.00
# Visual Studio Version 17
VisualStudioVersion = 17.13.35931.197 d17.13
MinimumVisualStudioVersion = 10.0.40219.1
Project("{FAE04EC0-301F-11D3-BF4B-00C04F79EFBC}") = "Demogitapp", "Demogitapp\Demogitapp.csproj", "{B9F1D523-37A4-4AEE-B330-A0ED50965886}"
EndProject
Global
	GlobalSection(SolutionConfigurationPlatforms) = preSolution
		Debug|Any CPU = Debug|Any CPU
		Release|Any CPU = Release|Any CPU
	EndGlobalSection
	GlobalSection(ProjectConfigurationPlatforms) = postSolution
		{B9F1D523-37A4-4AEE-B330-A0ED50965886}.Debug|Any CPU.ActiveCfg = Debug|Any CPU
		{B9F1D523-37A4-4AEE-B330-A0ED50965886}.Debug|Any CPU.Build.0 = Debug|Any CPU
		{B9F1D523-37A4-4AEE-B330-A0ED50965886}.Release|Any CPU.ActiveCfg = Release|Any CPU
		{B9F1D523-37A4-4AEE-B330-A0ED50965886}.Release|Any CPU.Build.0 = Release|Any CPU
	EndGlobalSection
	GlobalSection(SolutionProperties) = preSolution
		HideSolutionNode = FALSE
	EndGlobalSection
	GlobalSection(ExtensibilityGlobals) = postSolution
		SolutionGuid = {61C05350-88C4-44A4-99D1-1CF3BDC9A99D}
	EndGlobalSection
EndGlobal
